
Microsoft Visual Studio Solution File, Format Version 12.00
# Visual Studio 15
VisualStudioVersion = 15.0.27703.2026
MinimumVisualStudioVersion = 10.0.40219.1
Project("{9A19103F-16F7-4668-BE54-9A1E7A4F7556}") = "Server", "Server\Server.csproj", "{7368E9DA-0CDC-4E60-88E6-C0DA164F14EB}"
EndProject
Project("{9A19103F-16F7-4668-BE54-9A1E7A4F7556}") = "Core", "Core\Core.csproj", "{0F397789-1719-47E8-B83E-45B721981B73}"
EndProject
Project("{9A19103F-16F7-4668-BE54-9A1E7A4F7556}") = "IO", "IO\IO.csproj", "{6D9BB0A3-AFC1-402B-A596-E2FA03C6C4B5}"
EndProject
Project("{9A19103F-16F7-4668-BE54-9A1E7A4F7556}") = "Exceptions", "Exceptions\Exceptions.csproj", "{7F001974-C37D-46F0-A2B3-73C9B79C4DC1}"
EndProject
Project("{9A19103F-16F7-4668-BE54-9A1E7A4F7556}") = "Security", "Security\Security.csproj", "{55600CBF-BD1F-4319-99C6-98A3B3E19073}"
EndProject
Project("{9A19103F-16F7-4668-BE54-9A1E7A4F7556}") = "Emoticons", "Emoticons\Emoticons.csproj", "{72F43913-AA6D-41F1-AEEF-C9E6DD914A65}"
EndProject
Project("{9A19103F-16F7-4668-BE54-9A1E7A4F7556}") = "Missions", "Missions\Missions.csproj", "{EEAD38A1-5185-4457-93D2-72DAD4B19C50}"
EndProject
Project("{9A19103F-16F7-4668-BE54-9A1E7A4F7556}") = "Scripting", "Scripting\Scripting.csproj", "{D40E045A-02AB-4065-99A7-5F5EF85031D2}"
EndProject
Project("{9A19103F-16F7-4668-BE54-9A1E7A4F7556}") = "RDungeons", "RDungeons\RDungeons.csproj", "{B27512C4-9D86-4E3B-ADC0-E00A43193C22}"
EndProject
Project("{9A19103F-16F7-4668-BE54-9A1E7A4F7556}") = "Script", "Script\Script.csproj", "{0E3F328A-88DD-46B0-8B3B-99878EFE0BEC}"
EndProject
Project("{9A19103F-16F7-4668-BE54-9A1E7A4F7556}") = "PMDCP.Core", "framework\Core\PMDCP.Core.csproj", "{2BD1EB8D-04DB-4C04-9AB8-8965B42E7CF1}"
EndProject
Project("{9A19103F-16F7-4668-BE54-9A1E7A4F7556}") = "PMDCP.DatabaseConnector", "framework\DatabaseConnector\PMDCP.DatabaseConnector.csproj", "{518980B1-74D8-4760-8A39-E4192F42F92A}"
EndProject
Project("{9A19103F-16F7-4668-BE54-9A1E7A4F7556}") = "PMDCP.Net", "framework\Net\PMDCP.Net.csproj", "{1847A683-B574-4236-947E-EA2130C2648A}"
EndProject
Project("{9A19103F-16F7-4668-BE54-9A1E7A4F7556}") = "PMDCP.Compression", "framework\Compression\PMDCP.Compression.csproj", "{496E2A61-21B4-4403-91DB-60B1F7826684}"
EndProject
Project("{9A19103F-16F7-4668-BE54-9A1E7A4F7556}") = "PMDCP.Sockets", "framework\Sockets\PMDCP.Sockets.csproj", "{2469E594-4F97-49E4-80CD-DA99D76132BA}"
EndProject
Project("{9A19103F-16F7-4668-BE54-9A1E7A4F7556}") = "DataManager", "DataManager\DataManager.csproj", "{871F2374-F17B-4C40-8479-589553184B1D}"
EndProject
Project("{2150E333-8FDC-42A3-9474-1A3956D46DE8}") = ".nuget", ".nuget", "{6395EB24-1D71-4E04-8B03-42F17FCC345A}"
	ProjectSection(SolutionItems) = preProject
		.nuget\NuGet.Config = .nuget\NuGet.Config
		.nuget\NuGet.exe = .nuget\NuGet.exe
		.nuget\NuGet.targets = .nuget\NuGet.targets
	EndProjectSection
EndProject
Project("{2150E333-8FDC-42A3-9474-1A3956D46DE8}") = "Data", "Data", "{F15C4466-61C3-4E33-814B-01124EC74205}"
	ProjectSection(SolutionItems) = preProject
		Data\Data\config.xml = Data\Data\config.xml
	EndProjectSection
EndProject
Project("{2150E333-8FDC-42A3-9474-1A3956D46DE8}") = "Solution Items", "Solution Items", "{E4EEC103-8DB0-431B-A687-CDB0DAA20B33}"
	ProjectSection(SolutionItems) = preProject
		.editorconfig = .editorconfig
		appveyor.yml = appveyor.yml
		Dockerfile = Dockerfile
	EndProjectSection
EndProject
Global
	GlobalSection(SolutionConfigurationPlatforms) = preSolution
		Debug|Any CPU = Debug|Any CPU
		Debug|Mixed Platforms = Debug|Mixed Platforms
		Debug|x86 = Debug|x86
		Release|Any CPU = Release|Any CPU
		Release|Mixed Platforms = Release|Mixed Platforms
		Release|x86 = Release|x86
	EndGlobalSection
	GlobalSection(ProjectConfigurationPlatforms) = postSolution
		{7368E9DA-0CDC-4E60-88E6-C0DA164F14EB}.Debug|Any CPU.ActiveCfg = Debug|Any CPU
		{7368E9DA-0CDC-4E60-88E6-C0DA164F14EB}.Debug|Any CPU.Build.0 = Debug|Any CPU
		{7368E9DA-0CDC-4E60-88E6-C0DA164F14EB}.Debug|Mixed Platforms.ActiveCfg = Debug|Any CPU
		{7368E9DA-0CDC-4E60-88E6-C0DA164F14EB}.Debug|Mixed Platforms.Build.0 = Debug|Any CPU
		{7368E9DA-0CDC-4E60-88E6-C0DA164F14EB}.Debug|x86.ActiveCfg = Debug|Any CPU
		{7368E9DA-0CDC-4E60-88E6-C0DA164F14EB}.Debug|x86.Build.0 = Debug|Any CPU
		{7368E9DA-0CDC-4E60-88E6-C0DA164F14EB}.Release|Any CPU.ActiveCfg = Release|Any CPU
		{7368E9DA-0CDC-4E60-88E6-C0DA164F14EB}.Release|Any CPU.Build.0 = Release|Any CPU
		{7368E9DA-0CDC-4E60-88E6-C0DA164F14EB}.Release|Mixed Platforms.ActiveCfg = Release|Any CPU
		{7368E9DA-0CDC-4E60-88E6-C0DA164F14EB}.Release|Mixed Platforms.Build.0 = Release|Any CPU
		{7368E9DA-0CDC-4E60-88E6-C0DA164F14EB}.Release|x86.ActiveCfg = Release|Any CPU
		{7368E9DA-0CDC-4E60-88E6-C0DA164F14EB}.Release|x86.Build.0 = Release|Any CPU
		{0F397789-1719-47E8-B83E-45B721981B73}.Debug|Any CPU.ActiveCfg = Debug|Any CPU
		{0F397789-1719-47E8-B83E-45B721981B73}.Debug|Any CPU.Build.0 = Debug|Any CPU
		{0F397789-1719-47E8-B83E-45B721981B73}.Debug|Mixed Platforms.ActiveCfg = Debug|Any CPU
		{0F397789-1719-47E8-B83E-45B721981B73}.Debug|Mixed Platforms.Build.0 = Debug|Any CPU
		{0F397789-1719-47E8-B83E-45B721981B73}.Debug|x86.ActiveCfg = Debug|Any CPU
		{0F397789-1719-47E8-B83E-45B721981B73}.Release|Any CPU.ActiveCfg = Release|Any CPU
		{0F397789-1719-47E8-B83E-45B721981B73}.Release|Any CPU.Build.0 = Release|Any CPU
		{0F397789-1719-47E8-B83E-45B721981B73}.Release|Mixed Platforms.ActiveCfg = Release|Any CPU
		{0F397789-1719-47E8-B83E-45B721981B73}.Release|Mixed Platforms.Build.0 = Release|Any CPU
		{0F397789-1719-47E8-B83E-45B721981B73}.Release|x86.ActiveCfg = Release|Any CPU
		{6D9BB0A3-AFC1-402B-A596-E2FA03C6C4B5}.Debug|Any CPU.ActiveCfg = Debug|Any CPU
		{6D9BB0A3-AFC1-402B-A596-E2FA03C6C4B5}.Debug|Any CPU.Build.0 = Debug|Any CPU
		{6D9BB0A3-AFC1-402B-A596-E2FA03C6C4B5}.Debug|Mixed Platforms.ActiveCfg = Debug|Any CPU
		{6D9BB0A3-AFC1-402B-A596-E2FA03C6C4B5}.Debug|Mixed Platforms.Build.0 = Debug|Any CPU
		{6D9BB0A3-AFC1-402B-A596-E2FA03C6C4B5}.Debug|x86.ActiveCfg = Debug|Any CPU
		{6D9BB0A3-AFC1-402B-A596-E2FA03C6C4B5}.Release|Any CPU.ActiveCfg = Release|Any CPU
		{6D9BB0A3-AFC1-402B-A596-E2FA03C6C4B5}.Release|Any CPU.Build.0 = Release|Any CPU
		{6D9BB0A3-AFC1-402B-A596-E2FA03C6C4B5}.Release|Mixed Platforms.ActiveCfg = Release|Any CPU
		{6D9BB0A3-AFC1-402B-A596-E2FA03C6C4B5}.Release|Mixed Platforms.Build.0 = Release|Any CPU
		{6D9BB0A3-AFC1-402B-A596-E2FA03C6C4B5}.Release|x86.ActiveCfg = Release|Any CPU
		{7F001974-C37D-46F0-A2B3-73C9B79C4DC1}.Debug|Any CPU.ActiveCfg = Debug|Any CPU
		{7F001974-C37D-46F0-A2B3-73C9B79C4DC1}.Debug|Any CPU.Build.0 = Debug|Any CPU
		{7F001974-C37D-46F0-A2B3-73C9B79C4DC1}.Debug|Mixed Platforms.ActiveCfg = Debug|Any CPU
		{7F001974-C37D-46F0-A2B3-73C9B79C4DC1}.Debug|Mixed Platforms.Build.0 = Debug|Any CPU
		{7F001974-C37D-46F0-A2B3-73C9B79C4DC1}.Debug|x86.ActiveCfg = Debug|Any CPU
		{7F001974-C37D-46F0-A2B3-73C9B79C4DC1}.Release|Any CPU.ActiveCfg = Release|Any CPU
		{7F001974-C37D-46F0-A2B3-73C9B79C4DC1}.Release|Any CPU.Build.0 = Release|Any CPU
		{7F001974-C37D-46F0-A2B3-73C9B79C4DC1}.Release|Mixed Platforms.ActiveCfg = Release|Any CPU
		{7F001974-C37D-46F0-A2B3-73C9B79C4DC1}.Release|Mixed Platforms.Build.0 = Release|Any CPU
		{7F001974-C37D-46F0-A2B3-73C9B79C4DC1}.Release|x86.ActiveCfg = Release|Any CPU
		{55600CBF-BD1F-4319-99C6-98A3B3E19073}.Debug|Any CPU.ActiveCfg = Debug|Any CPU
		{55600CBF-BD1F-4319-99C6-98A3B3E19073}.Debug|Any CPU.Build.0 = Debug|Any CPU
		{55600CBF-BD1F-4319-99C6-98A3B3E19073}.Debug|Mixed Platforms.ActiveCfg = Debug|Any CPU
		{55600CBF-BD1F-4319-99C6-98A3B3E19073}.Debug|Mixed Platforms.Build.0 = Debug|Any CPU
		{55600CBF-BD1F-4319-99C6-98A3B3E19073}.Debug|x86.ActiveCfg = Debug|Any CPU
		{55600CBF-BD1F-4319-99C6-98A3B3E19073}.Release|Any CPU.ActiveCfg = Release|Any CPU
		{55600CBF-BD1F-4319-99C6-98A3B3E19073}.Release|Any CPU.Build.0 = Release|Any CPU
		{55600CBF-BD1F-4319-99C6-98A3B3E19073}.Release|Mixed Platforms.ActiveCfg = Release|Any CPU
		{55600CBF-BD1F-4319-99C6-98A3B3E19073}.Release|Mixed Platforms.Build.0 = Release|Any CPU
		{55600CBF-BD1F-4319-99C6-98A3B3E19073}.Release|x86.ActiveCfg = Release|Any CPU
		{72F43913-AA6D-41F1-AEEF-C9E6DD914A65}.Debug|Any CPU.ActiveCfg = Debug|Any CPU
		{72F43913-AA6D-41F1-AEEF-C9E6DD914A65}.Debug|Any CPU.Build.0 = Debug|Any CPU
		{72F43913-AA6D-41F1-AEEF-C9E6DD914A65}.Debug|Mixed Platforms.ActiveCfg = Debug|Any CPU
		{72F43913-AA6D-41F1-AEEF-C9E6DD914A65}.Debug|Mixed Platforms.Build.0 = Debug|Any CPU
		{72F43913-AA6D-41F1-AEEF-C9E6DD914A65}.Debug|x86.ActiveCfg = Debug|Any CPU
		{72F43913-AA6D-41F1-AEEF-C9E6DD914A65}.Release|Any CPU.ActiveCfg = Release|Any CPU
		{72F43913-AA6D-41F1-AEEF-C9E6DD914A65}.Release|Any CPU.Build.0 = Release|Any CPU
		{72F43913-AA6D-41F1-AEEF-C9E6DD914A65}.Release|Mixed Platforms.ActiveCfg = Release|Any CPU
		{72F43913-AA6D-41F1-AEEF-C9E6DD914A65}.Release|Mixed Platforms.Build.0 = Release|Any CPU
		{72F43913-AA6D-41F1-AEEF-C9E6DD914A65}.Release|x86.ActiveCfg = Release|Any CPU
		{EEAD38A1-5185-4457-93D2-72DAD4B19C50}.Debug|Any CPU.ActiveCfg = Debug|Any CPU
		{EEAD38A1-5185-4457-93D2-72DAD4B19C50}.Debug|Any CPU.Build.0 = Debug|Any CPU
		{EEAD38A1-5185-4457-93D2-72DAD4B19C50}.Debug|Mixed Platforms.ActiveCfg = Debug|Any CPU
		{EEAD38A1-5185-4457-93D2-72DAD4B19C50}.Debug|Mixed Platforms.Build.0 = Debug|Any CPU
		{EEAD38A1-5185-4457-93D2-72DAD4B19C50}.Debug|x86.ActiveCfg = Debug|Any CPU
		{EEAD38A1-5185-4457-93D2-72DAD4B19C50}.Release|Any CPU.ActiveCfg = Release|Any CPU
		{EEAD38A1-5185-4457-93D2-72DAD4B19C50}.Release|Any CPU.Build.0 = Release|Any CPU
		{EEAD38A1-5185-4457-93D2-72DAD4B19C50}.Release|Mixed Platforms.ActiveCfg = Release|Any CPU
		{EEAD38A1-5185-4457-93D2-72DAD4B19C50}.Release|Mixed Platforms.Build.0 = Release|Any CPU
		{EEAD38A1-5185-4457-93D2-72DAD4B19C50}.Release|x86.ActiveCfg = Release|Any CPU
		{D40E045A-02AB-4065-99A7-5F5EF85031D2}.Debug|Any CPU.ActiveCfg = Debug|Any CPU
		{D40E045A-02AB-4065-99A7-5F5EF85031D2}.Debug|Any CPU.Build.0 = Debug|Any CPU
		{D40E045A-02AB-4065-99A7-5F5EF85031D2}.Debug|Mixed Platforms.ActiveCfg = Debug|Any CPU
		{D40E045A-02AB-4065-99A7-5F5EF85031D2}.Debug|Mixed Platforms.Build.0 = Debug|Any CPU
		{D40E045A-02AB-4065-99A7-5F5EF85031D2}.Debug|x86.ActiveCfg = Debug|Any CPU
		{D40E045A-02AB-4065-99A7-5F5EF85031D2}.Release|Any CPU.ActiveCfg = Release|Any CPU
		{D40E045A-02AB-4065-99A7-5F5EF85031D2}.Release|Any CPU.Build.0 = Release|Any CPU
		{D40E045A-02AB-4065-99A7-5F5EF85031D2}.Release|Mixed Platforms.ActiveCfg = Release|Any CPU
		{D40E045A-02AB-4065-99A7-5F5EF85031D2}.Release|Mixed Platforms.Build.0 = Release|Any CPU
		{D40E045A-02AB-4065-99A7-5F5EF85031D2}.Release|x86.ActiveCfg = Release|Any CPU
		{B27512C4-9D86-4E3B-ADC0-E00A43193C22}.Debug|Any CPU.ActiveCfg = Debug|Any CPU
		{B27512C4-9D86-4E3B-ADC0-E00A43193C22}.Debug|Any CPU.Build.0 = Debug|Any CPU
		{B27512C4-9D86-4E3B-ADC0-E00A43193C22}.Debug|Mixed Platforms.ActiveCfg = Debug|Any CPU
		{B27512C4-9D86-4E3B-ADC0-E00A43193C22}.Debug|Mixed Platforms.Build.0 = Debug|Any CPU
		{B27512C4-9D86-4E3B-ADC0-E00A43193C22}.Debug|x86.ActiveCfg = Debug|Any CPU
		{B27512C4-9D86-4E3B-ADC0-E00A43193C22}.Release|Any CPU.ActiveCfg = Release|Any CPU
		{B27512C4-9D86-4E3B-ADC0-E00A43193C22}.Release|Any CPU.Build.0 = Release|Any CPU
		{B27512C4-9D86-4E3B-ADC0-E00A43193C22}.Release|Mixed Platforms.ActiveCfg = Release|Any CPU
		{B27512C4-9D86-4E3B-ADC0-E00A43193C22}.Release|Mixed Platforms.Build.0 = Release|Any CPU
		{B27512C4-9D86-4E3B-ADC0-E00A43193C22}.Release|x86.ActiveCfg = Release|Any CPU
		{0E3F328A-88DD-46B0-8B3B-99878EFE0BEC}.Debug|Any CPU.ActiveCfg = Debug|Any CPU
		{0E3F328A-88DD-46B0-8B3B-99878EFE0BEC}.Debug|Any CPU.Build.0 = Debug|Any CPU
		{0E3F328A-88DD-46B0-8B3B-99878EFE0BEC}.Debug|Mixed Platforms.ActiveCfg = Debug|Any CPU
		{0E3F328A-88DD-46B0-8B3B-99878EFE0BEC}.Debug|Mixed Platforms.Build.0 = Debug|Any CPU
		{0E3F328A-88DD-46B0-8B3B-99878EFE0BEC}.Debug|x86.ActiveCfg = Debug|Any CPU
		{0E3F328A-88DD-46B0-8B3B-99878EFE0BEC}.Release|Any CPU.ActiveCfg = Release|Any CPU
		{0E3F328A-88DD-46B0-8B3B-99878EFE0BEC}.Release|Any CPU.Build.0 = Release|Any CPU
		{0E3F328A-88DD-46B0-8B3B-99878EFE0BEC}.Release|Mixed Platforms.ActiveCfg = Release|Any CPU
		{0E3F328A-88DD-46B0-8B3B-99878EFE0BEC}.Release|Mixed Platforms.Build.0 = Release|Any CPU
		{0E3F328A-88DD-46B0-8B3B-99878EFE0BEC}.Release|x86.ActiveCfg = Release|Any CPU
		{2BD1EB8D-04DB-4C04-9AB8-8965B42E7CF1}.Debug|Any CPU.ActiveCfg = Debug|Any CPU
		{2BD1EB8D-04DB-4C04-9AB8-8965B42E7CF1}.Debug|Any CPU.Build.0 = Debug|Any CPU
		{2BD1EB8D-04DB-4C04-9AB8-8965B42E7CF1}.Debug|Mixed Platforms.ActiveCfg = Debug|Any CPU
		{2BD1EB8D-04DB-4C04-9AB8-8965B42E7CF1}.Debug|Mixed Platforms.Build.0 = Debug|Any CPU
		{2BD1EB8D-04DB-4C04-9AB8-8965B42E7CF1}.Debug|x86.ActiveCfg = Debug|Any CPU
		{2BD1EB8D-04DB-4C04-9AB8-8965B42E7CF1}.Release|Any CPU.ActiveCfg = Release|Any CPU
		{2BD1EB8D-04DB-4C04-9AB8-8965B42E7CF1}.Release|Any CPU.Build.0 = Release|Any CPU
		{2BD1EB8D-04DB-4C04-9AB8-8965B42E7CF1}.Release|Mixed Platforms.ActiveCfg = Release|Any CPU
		{2BD1EB8D-04DB-4C04-9AB8-8965B42E7CF1}.Release|Mixed Platforms.Build.0 = Release|Any CPU
		{2BD1EB8D-04DB-4C04-9AB8-8965B42E7CF1}.Release|x86.ActiveCfg = Release|Any CPU
		{518980B1-74D8-4760-8A39-E4192F42F92A}.Debug|Any CPU.ActiveCfg = Debug|Any CPU
		{518980B1-74D8-4760-8A39-E4192F42F92A}.Debug|Any CPU.Build.0 = Debug|Any CPU
		{518980B1-74D8-4760-8A39-E4192F42F92A}.Debug|Mixed Platforms.ActiveCfg = Debug|Any CPU
		{518980B1-74D8-4760-8A39-E4192F42F92A}.Debug|Mixed Platforms.Build.0 = Debug|Any CPU
		{518980B1-74D8-4760-8A39-E4192F42F92A}.Debug|x86.ActiveCfg = Debug|Any CPU
		{518980B1-74D8-4760-8A39-E4192F42F92A}.Release|Any CPU.ActiveCfg = Release|Any CPU
		{518980B1-74D8-4760-8A39-E4192F42F92A}.Release|Any CPU.Build.0 = Release|Any CPU
		{518980B1-74D8-4760-8A39-E4192F42F92A}.Release|Mixed Platforms.ActiveCfg = Release|Any CPU
		{518980B1-74D8-4760-8A39-E4192F42F92A}.Release|Mixed Platforms.Build.0 = Release|Any CPU
		{518980B1-74D8-4760-8A39-E4192F42F92A}.Release|x86.ActiveCfg = Release|Any CPU
		{1847A683-B574-4236-947E-EA2130C2648A}.Debug|Any CPU.ActiveCfg = Debug|Any CPU
		{1847A683-B574-4236-947E-EA2130C2648A}.Debug|Any CPU.Build.0 = Debug|Any CPU
		{1847A683-B574-4236-947E-EA2130C2648A}.Debug|Mixed Platforms.ActiveCfg = Debug|Any CPU
		{1847A683-B574-4236-947E-EA2130C2648A}.Debug|Mixed Platforms.Build.0 = Debug|Any CPU
		{1847A683-B574-4236-947E-EA2130C2648A}.Debug|x86.ActiveCfg = Debug|Any CPU
		{1847A683-B574-4236-947E-EA2130C2648A}.Release|Any CPU.ActiveCfg = Release|Any CPU
		{1847A683-B574-4236-947E-EA2130C2648A}.Release|Any CPU.Build.0 = Release|Any CPU
		{1847A683-B574-4236-947E-EA2130C2648A}.Release|Mixed Platforms.ActiveCfg = Release|Any CPU
		{1847A683-B574-4236-947E-EA2130C2648A}.Release|Mixed Platforms.Build.0 = Release|Any CPU
		{1847A683-B574-4236-947E-EA2130C2648A}.Release|x86.ActiveCfg = Release|Any CPU
		{496E2A61-21B4-4403-91DB-60B1F7826684}.Debug|Any CPU.ActiveCfg = Debug|Any CPU
		{496E2A61-21B4-4403-91DB-60B1F7826684}.Debug|Any CPU.Build.0 = Debug|Any CPU
		{496E2A61-21B4-4403-91DB-60B1F7826684}.Debug|Mixed Platforms.ActiveCfg = Debug|Any CPU
		{496E2A61-21B4-4403-91DB-60B1F7826684}.Debug|Mixed Platforms.Build.0 = Debug|Any CPU
		{496E2A61-21B4-4403-91DB-60B1F7826684}.Debug|x86.ActiveCfg = Debug|Any CPU
		{496E2A61-21B4-4403-91DB-60B1F7826684}.Release|Any CPU.ActiveCfg = Release|Any CPU
		{496E2A61-21B4-4403-91DB-60B1F7826684}.Release|Any CPU.Build.0 = Release|Any CPU
		{496E2A61-21B4-4403-91DB-60B1F7826684}.Release|Mixed Platforms.ActiveCfg = Release|Any CPU
		{496E2A61-21B4-4403-91DB-60B1F7826684}.Release|Mixed Platforms.Build.0 = Release|Any CPU
		{496E2A61-21B4-4403-91DB-60B1F7826684}.Release|x86.ActiveCfg = Release|Any CPU
		{2469E594-4F97-49E4-80CD-DA99D76132BA}.Debug|Any CPU.ActiveCfg = Debug|Any CPU
		{2469E594-4F97-49E4-80CD-DA99D76132BA}.Debug|Any CPU.Build.0 = Debug|Any CPU
		{2469E594-4F97-49E4-80CD-DA99D76132BA}.Debug|Mixed Platforms.ActiveCfg = Debug|Any CPU
		{2469E594-4F97-49E4-80CD-DA99D76132BA}.Debug|Mixed Platforms.Build.0 = Debug|Any CPU
		{2469E594-4F97-49E4-80CD-DA99D76132BA}.Debug|x86.ActiveCfg = Debug|Any CPU
		{2469E594-4F97-49E4-80CD-DA99D76132BA}.Release|Any CPU.ActiveCfg = Release|Any CPU
		{2469E594-4F97-49E4-80CD-DA99D76132BA}.Release|Any CPU.Build.0 = Release|Any CPU
		{2469E594-4F97-49E4-80CD-DA99D76132BA}.Release|Mixed Platforms.ActiveCfg = Release|Any CPU
		{2469E594-4F97-49E4-80CD-DA99D76132BA}.Release|Mixed Platforms.Build.0 = Release|Any CPU
		{2469E594-4F97-49E4-80CD-DA99D76132BA}.Release|x86.ActiveCfg = Release|Any CPU
		{871F2374-F17B-4C40-8479-589553184B1D}.Debug|Any CPU.ActiveCfg = Debug|Any CPU
		{871F2374-F17B-4C40-8479-589553184B1D}.Debug|Any CPU.Build.0 = Debug|Any CPU
		{871F2374-F17B-4C40-8479-589553184B1D}.Debug|Mixed Platforms.ActiveCfg = Debug|Any CPU
		{871F2374-F17B-4C40-8479-589553184B1D}.Debug|Mixed Platforms.Build.0 = Debug|Any CPU
		{871F2374-F17B-4C40-8479-589553184B1D}.Debug|x86.ActiveCfg = Debug|Any CPU
		{871F2374-F17B-4C40-8479-589553184B1D}.Release|Any CPU.ActiveCfg = Release|Any CPU
		{871F2374-F17B-4C40-8479-589553184B1D}.Release|Any CPU.Build.0 = Release|Any CPU
		{871F2374-F17B-4C40-8479-589553184B1D}.Release|Mixed Platforms.ActiveCfg = Release|Any CPU
		{871F2374-F17B-4C40-8479-589553184B1D}.Release|Mixed Platforms.Build.0 = Release|Any CPU
		{871F2374-F17B-4C40-8479-589553184B1D}.Release|x86.ActiveCfg = Release|Any CPU
	EndGlobalSection
	GlobalSection(SolutionProperties) = preSolution
		HideSolutionNode = FALSE
	EndGlobalSection
	GlobalSection(ExtensibilityGlobals) = postSolution
		SolutionGuid = {17C22034-875E-4E78-A077-4796EA7DBFE6}
	EndGlobalSection
EndGlobal
